Microsoft Visual Studio Solution File, Format Version 12.00
# Visual Studio Version 17
VisualStudioVersion = 17.5.2.0
MinimumVisualStudioVersion = 10.0.40219.1
Project("{FAE04EC0-301F-11D3-BF4B-00C04F79EFBC}") = "RazorDemo", "RazorDemo.csproj", "{7EB92C46-C259-4231-137A-B8B3B91BE52D}"
EndProject
Global
	GlobalSection(SolutionConfigurationPlatforms) = preSolution
		Debug|Any CPU = Debug|Any CPU
		Release|Any CPU = Release|Any CPU
	EndGlobalSection
	GlobalSection(ProjectConfigurationPlatforms) = postSolution
		{7EB92C46-C259-4231-137A-B8B3B91BE52D}.Debug|Any CPU.ActiveCfg = Debug|Any CPU
		{7EB92C46-C259-4231-137A-B8B3B91BE52D}.Debug|Any CPU.Build.0 = Debug|Any CPU
		{7EB92C46-C259-4231-137A-B8B3B91BE52D}.Release|Any CPU.ActiveCfg = Release|Any CPU
		{7EB92C46-C259-4231-137A-B8B3B91BE52D}.Release|Any CPU.Build.0 = Release|Any CPU
	EndGlobalSection
	GlobalSection(SolutionProperties) = preSolution
		HideSolutionNode = FALSE
	EndGlobalSection
	GlobalSection(ExtensibilityGlobals) = postSolution
		SolutionGuid = {AE108587-EEA2-48D3-8CBE-A1C4401172B8}
	EndGlobalSection
EndGlobal
